version = 1
revision = 3
requires-python = ">=3.12, <3.13"
resolution-markers = [
    "sys_platform == 'win32'",
    "sys_platform == 'emscripten'",
    "sys_platform != 'emscripten' and sys_platform != 'win32'",
]

[manifest]
requirements = [
    { name = "cftime" },
    { name = "dynamical-catalog", specifier = "==0.5.0" },
    { name = "numpy" },
    { name = "weather-skills-core", git = "https://github.com/rhiza-research/weather-skills-core" },
    { name = "xarray" },
    { name = "zarr" },
]

[[package]]
name = "cf-xarray"
version = "0.11.3"
source = { registry = "https://pypi.org/simple" }
dependencies = [
    { name = "xarray" },
]
sdist = { url = "https://files.pythonhosted.org/packages/cb/13/07f02aa2abb9204caa31f713ef5b3402f8344e0c962d28ca17d1ca9587c8/cf_xarray-0.11.3.tar.gz", hash = "sha256:0a896112fca0b09e449a45133d1ce1509c0e525606f41206aab8bddb17b4c7fa", size = 693996, upload-time = "2026-06-12T18:21:19.251Z" }
wheels = [
    { url = "https://files.pythonhosted.org/packages/71/50/20a143566e20ecaf4f28302a92cc04252c224ab69200e254a282f7feb79a/cf_xarray-0.11.3-py3-none-any.whl", hash = "sha256:d5bff6bbba04de04f1a700a4395d379e1db4f767864fde82b30f874f208484e2", size = 80825, upload-time = "2026-06-12T18:21:17.869Z" },
]

[[package]]
name = "cftime"
version = "1.6.5"
source = { registry = "https://pypi.org/simple" }
dependencies = [
    { name = "numpy" },
]
sdist = { url = "https://files.pythonhosted.org/packages/65/dc/470ffebac2eb8c54151eb893055024fe81b1606e7c6ff8449a588e9cd17f/cftime-1.6.5.tar.gz", hash = "sha256:8225fed6b9b43fb87683ebab52130450fc1730011150d3092096a90e54d1e81e", size = 326605, upload-time = "2025-10-13T18:56:26.352Z" }
wheels = [
    { url = "https://files.pythonhosted.org/packages/b6/c1/e8cb7f78a3f87295450e7300ebaecf83076d96a99a76190593d4e1d2be40/cftime-1.6.5-cp312-cp312-macosx_10_13_x86_64.whl", hash = "sha256:eef25caed5ebd003a38719bd3ff8847cd52ef2ea56c3ebdb2c9345ba131fc7c5", size = 504175, upload-time = "2025-10-13T18:56:06.398Z" },
    { url = "https://files.pythonhosted.org/packages/50/1a/86e1072b09b2f9049bb7378869f64b6747f96a4f3008142afed8955b52a4/cftime-1.6.5-cp312-cp312-macosx_11_0_arm64.whl", hash = "sha256:c87d2f3b949e45463e559233c69e6a9cf691b2b378c1f7556166adfabbd1c6b0", size = 485980, upload-time = "2025-10-13T18:56:08.669Z" },
    { url = "https://files.pythonhosted.org/packages/35/28/d3177b60da3f308b60dee2aef2eb69997acfab1e863f0bf0d2a418396ce5/cftime-1.6.5-cp312-cp312-manylinux2014_aarch64.manylinux_2_17_aarch64.whl", hash = "sha256:82cb413973cc51b55642b3a1ca5b28db5b93a294edbef7dc049c074b478b4647", size = 1591166, upload-time = "2025-10-13T19:39:14.109Z" },
    { url = "https://files.pythonhosted.org/packages/d1/fd/a7266970312df65e68b5641b86e0540a739182f5e9c62eec6dbd29f18055/cftime-1.6.5-cp312-cp312-manylinux2014_x86_64.manylinux_2_17_x86_64.whl", hash = "sha256:85ba8e7356d239cfe56ef7707ac30feaf67964642ac760a82e507ee3c5db4ac4", size = 1642614, upload-time = "2025-10-13T18:56:09.815Z" },
    { url = "https://files.pythonhosted.org/packages/c4/73/f0035a4bc2df8885bb7bd5fe63659686ea1ec7d0cc74b4e3d50e447402e5/cftime-1.6.5-cp312-cp312-musllinux_1_2_x86_64.whl", hash = "sha256:456039af7907a3146689bb80bfd8edabd074c7f3b4eca61f91b9c2670addd7ad", size = 1688090, upload-time = "2025-10-13T18:56:11.442Z" },
    { url = "https://files.pythonhosted.org/packages/88/15/8856a0ab76708553ff597dd2e617b088c734ba87dc3fd395e2b2f3efffe8/cftime-1.6.5-cp312-cp312-win_amd64.whl", hash = "sha256:da84534c43699960dc980a9a765c33433c5de1a719a4916748c2d0e97a071e44", size = 464840, upload-time = "2025-10-13T18:56:12.506Z" },
    { url = "https://files.pythonhosted.org/packages/3a/85/451009a986d9273d2208fc0898aa00262275b5773259bf3f942f6716a9e7/cftime-1.6.5-cp312-cp312-win_arm64.whl", hash = "sha256:c62cd8db9ea40131eea7d4523691c5d806d3265d31279e4a58574a42c28acd77", size = 450534, upload-time = "2026-01-02T21:16:48.784Z" },
]

[[package]]
name = "donfig"
version = "0.8.1.post1"
source = { registry = "https://pypi.org/simple" }
dependencies = [
    { name = "pyyaml" },
]
sdist = { url = "https://files.pythonhosted.org/packages/25/71/80cc718ff6d7abfbabacb1f57aaa42e9c1552bfdd01e64ddd704e4a03638/donfig-0.8.1.post1.tar.gz", hash = "sha256:3bef3413a4c1c601b585e8d297256d0c1470ea012afa6e8461dc28bfb7c23f52", size = 19506, upload-time = "2024-05-23T14:14:31.513Z" }
wheels = [
    { url = "https://files.pythonhosted.org/packages/0c/d5/c5db1ea3394c6e1732fb3286b3bd878b59507a8f77d32a2cebda7d7b7cd4/donfig-0.8.1.post1-py3-none-any.whl", hash = "sha256:2a3175ce74a06109ff9307d90a230f81215cbac9a751f4d1c6194644b8204f9d", size = 21592, upload-time = "2024-05-23T14:13:55.283Z" },
]

[[package]]
name = "dynamical-catalog"
version = "0.5.0"
source = { registry = "https://pypi.org/simple" }
dependencies = [
    { name = "icechunk" },
    { name = "xarray" },
    { name = "zarr" },
]
sdist = { url = "https://files.pythonhosted.org/packages/24/c5/247243d48723fce9df20812f36237a933f714fdb6d5d05acb4dbf3fe3dd7/dynamical_catalog-0.5.0.tar.gz", hash = "sha256:fec68ee754609d64b092b1d321fbeaca0d1f6b0569baebdfa119cbe529b6b660", size = 45228, upload-time = "2026-04-23T20:36:52.882Z" }
wheels = [
    { url = "https://files.pythonhosted.org/packages/8a/db/f8b9a37879d372be8695bac4652e42b1cbc27cd6e7a3f70521bcd7f0cdeb/dynamical_catalog-0.5.0-py3-none-any.whl", hash = "sha256:b90f27c3489aada5bf49cf3d9dbdcf6b2b76d1d16c2819840841a35b1a5610be", size = 5387, upload-time = "2026-04-23T20:36:51.322Z" },
]

[[package]]
name = "google-crc32c"
version = "1.8.0"
source = { registry = "https://pypi.org/simple" }
sdist = { url = "https://files.pythonhosted.org/packages/03/41/4b9c02f99e4c5fb477122cd5437403b552873f014616ac1d19ac8221a58d/google_crc32c-1.8.0.tar.gz", hash = "sha256:a428e25fb7691024de47fecfbff7ff957214da51eddded0da0ae0e0f03a2cf79", size = 14192, upload-time = "2025-12-16T00:35:25.142Z" }
wheels = [
    { url = "https://files.pythonhosted.org/packages/e9/5f/7307325b1198b59324c0fa9807cafb551afb65e831699f2ce211ad5c8240/google_crc32c-1.8.0-cp312-cp312-macosx_12_0_arm64.whl", hash = "sha256:4b8286b659c1335172e39563ab0a768b8015e88e08329fa5321f774275fc3113", size = 31300, upload-time = "2025-12-16T00:21:56.723Z" },
    { url = "https://files.pythonhosted.org/packages/21/8e/58c0d5d86e2220e6a37befe7e6a94dd2f6006044b1a33edf1ff6d9f7e319/google_crc32c-1.8.0-cp312-cp312-macosx_12_0_x86_64.whl", hash = "sha256:2a3dc3318507de089c5384cc74d54318401410f82aa65b2d9cdde9d297aca7cb", size = 30867, upload-time = "2025-12-16T00:38:31.302Z" },
    { url = "https://files.pythonhosted.org/packages/ce/a9/a780cc66f86335a6019f557a8aaca8fbb970728f0efd2430d15ff1beae0e/google_crc32c-1.8.0-cp312-cp312-manylinux1_x86_64.manylinux2014_x86_64.manylinux_2_17_x86_64.manylinux_2_5_x86_64.whl", hash = "sha256:14f87e04d613dfa218d6135e81b78272c3b904e2a7053b841481b38a7d901411", size = 33364, upload-time = "2025-12-16T00:40:22.96Z" },
    { url = "https://files.pythonhosted.org/packages/21/3f/3457ea803db0198c9aaca2dd373750972ce28a26f00544b6b85088811939/google_crc32c-1.8.0-cp312-cp312-manylinux2014_aarch64.manylinux_2_17_aarch64.whl", hash = "sha256:cb5c869c2923d56cb0c8e6bcdd73c009c36ae39b652dbe46a05eb4ef0ad01454", size = 33740, upload-time = "2025-12-16T00:40:23.96Z" },
    { url = "https://files.pythonhosted.org/packages/df/c0/87c2073e0c72515bb8733d4eef7b21548e8d189f094b5dad20b0ecaf64f6/google_crc32c-1.8.0-cp312-cp312-win_amd64.whl", hash = "sha256:3cc0c8912038065eafa603b238abf252e204accab2a704c63b9e14837a854962", size = 34437, upload-time = "2025-12-16T00:35:21.395Z" },
]

[[package]]
name = "icechunk"
version = "2.0.6"
source = { registry = "https://pypi.org/simple" }
dependencies = [
    { name = "zarr" },
]
sdist = { url = "https://files.pythonhosted.org/packages/dd/c3/c43ce00558a545c93b7891697656c4dabc276414fc45466c26bb359847be/icechunk-2.0.6.tar.gz", hash = "sha256:7bf5660188ea1ee7e5487fa4733f36fb3de779ebbb160aa9b1117cbc0df2157d", size = 3344079, upload-time = "2026-06-04T21:35:52.726Z" }
wheels = [
    { url = "https://files.pythonhosted.org/packages/0c/bc/0439099c547e19cc51a1f08f1c2261ece866b4738144227aec46db639400/icechunk-2.0.6-cp312-cp312-macosx_10_12_x86_64.whl", hash = "sha256:c158f4d503451e62fe6f80d213dc99689fa49787258028e58562905cfe8f8db7", size = 16862055, upload-time = "2026-06-04T21:36:18.034Z" },
    { url = "https://files.pythonhosted.org/packages/c3/f9/647283b2b272d3aa20f264f9db4a9f58ba76d8b3623ffc6e1c24ecd8326a/icechunk-2.0.6-cp312-cp312-macosx_11_0_arm64.whl", hash = "sha256:ed652239f3f6b0a293e5b746babf420942b1307f802f7d5a8ad5f31a3ccb40a9", size = 15553982, upload-time = "2026-06-04T21:36:11.197Z" },
    { url = "https://files.pythonhosted.org/packages/20/7c/0f24607e6c1d08ed93df7a67b86f94e0e971222cbad39786761d355e0c11/icechunk-2.0.6-cp312-cp312-manylinux_2_17_x86_64.manylinux2014_x86_64.whl", hash = "sha256:3cd1722da41443c811d113fbeee972cee0e7db67771bf6a58beaa0f0a5f50493", size = 17241116, upload-time = "2026-06-04T21:36:03.665Z" },
    { url = "https://files.pythonhosted.org/packages/0a/05/b13109cefad82394139d15b08b64249bbdb78026028a92cb234f4d84385d/icechunk-2.0.6-cp312-cp312-manylinux_2_28_aarch64.whl", hash = "sha256:4276c3712a2a92be2fce3cabbbba0563af12b2a90ef579a1d5cc6f0740ce732d", size = 16887134, upload-time = "2026-06-04T21:35:45.441Z" },
    { url = "https://files.pythonhosted.org/packages/b3/0e/89dc65adf8d5c7fe9628b47c5feb32b7033f3c5755278d492d3e1953a28b/icechunk-2.0.6-cp312-cp312-manylinux_2_28_armv7l.whl", hash = "sha256:337094452f5c07264b37477ab0f63ac164b77d0f79e218053c7ab86cbfa9e3d8", size = 16719325, upload-time = "2026-06-04T21:35:54.319Z" },
    { url = "https://files.pythonhosted.org/packages/ab/4e/0687099b5e616e409d403290269d5eaad0835ad39c0c4a8d14330cf6398d/icechunk-2.0.6-cp312-cp312-musllinux_1_2_aarch64.whl", hash = "sha256:ec4b60b75c4e511a2296cbe3c5b476bedb9101e074c05de737a9d1c6b99fa77c", size = 17120218, upload-time = "2026-06-04T21:36:24.578Z" },
    { url = "https://files.pythonhosted.org/packages/4d/dd/dba49824fb1ce42f2ec7812d9ee401b640d4de492686f7b7037f5a9c12db/icechunk-2.0.6-cp312-cp312-musllinux_1_2_armv7l.whl", hash = "sha256:fb05ffeb89e7ca2fc905154b53ab31225dab13556bb1b8eff674700cf747e065", size = 16886145, upload-time = "2026-06-04T21:36:31.113Z" },
    { url = "https://files.pythonhosted.org/packages/3d/82/2ebd411fd09d6611beb2e944a27eba1efe27e8e47879229a21979714ca02/icechunk-2.0.6-cp312-cp312-musllinux_1_2_i686.whl", hash = "sha256:728c15e3c6f834c08adc0f689e51916fe671243b57dc8f99140df1486e7dfa6b", size = 16972190, upload-time = "2026-06-04T21:36:37.849Z" },
    { url = "https://files.pythonhosted.org/packages/e9/13/ff8344875f968dde3d3c09c1e83203a2d7d5582d2833ae96eb2a8d660352/icechunk-2.0.6-cp312-cp312-musllinux_1_2_x86_64.whl", hash = "sha256:d6fe11179e98157a8ccc549d5cf59ee80737c208f62faf9cf1cd77d99be7e54e", size = 17644992, upload-time = "2026-06-04T21:36:44.556Z" },
    { url = "https://files.pythonhosted.org/packages/56/1a/dce9c269198fc6672c553389387a20663c3f83886e127d83ddda230d2a48/icechunk-2.0.6-cp312-cp312-win_amd64.whl", hash = "sha256:d307def9ec3d0c684a98b31e9ca730de96860436bc587fb45b1e302028f8fe97", size = 15972997, upload-time = "2026-06-04T21:36:52.335Z" },
]

[[package]]
name = "numcodecs"
version = "0.16.5"
source = { registry = "https://pypi.org/simple" }
dependencies = [
    { name = "numpy" },
    { name = "typing-extensions" },
]
sdist = { url = "https://files.pythonhosted.org/packages/44/bd/8a391e7c356366224734efd24da929cc4796fff468bfb179fe1af6548535/numcodecs-0.16.5.tar.gz", hash = "sha256:0d0fb60852f84c0bd9543cc4d2ab9eefd37fc8efcc410acd4777e62a1d300318", size = 6276387, upload-time = "2025-11-21T02:49:48.986Z" }
wheels = [
    { url = "https://files.pythonhosted.org/packages/75/cc/55420f3641a67f78392dc0bc5d02cb9eb0a9dcebf2848d1ac77253ca61fa/numcodecs-0.16.5-cp312-cp312-macosx_10_13_x86_64.whl", hash = "sha256:24e675dc8d1550cd976a99479b87d872cb142632c75cc402fea04c08c4898523", size = 1656287, upload-time = "2025-11-21T02:49:25.755Z" },
    { url = "https://files.pythonhosted.org/packages/f5/6c/86644987505dcb90ba6d627d6989c27bafb0699f9fd00187e06d05ea8594/numcodecs-0.16.5-cp312-cp312-macosx_11_0_arm64.whl", hash = "sha256:94ddfa4341d1a3ab99989d13b01b5134abb687d3dab2ead54b450aefe4ad5bd6", size = 1148899, upload-time = "2025-11-21T02:49:26.87Z" },
    { url = "https://files.pythonhosted.org/packages/97/1e/98aaddf272552d9fef1f0296a9939d1487914a239e98678f6b20f8b0a5c8/numcodecs-0.16.5-cp312-cp312-manylinux2014_aarch64.manylinux_2_17_aarch64.manylinux_2_28_aarch64.whl", hash = "sha256:b554ab9ecf69de7ca2b6b5e8bc696bd9747559cb4dd5127bd08d7a28bec59c3a", size = 8534814, upload-time = "2025-11-21T02:49:28.547Z" },
    { url = "https://files.pythonhosted.org/packages/fb/53/78c98ef5c8b2b784453487f3e4d6c017b20747c58b470393e230c78d18e8/numcodecs-0.16.5-cp312-cp312-manylinux2014_x86_64.manylinux_2_17_x86_64.manylinux_2_28_x86_64.whl", hash = "sha256:ad1a379a45bd3491deab8ae6548313946744f868c21d5340116977ea3be5b1d6", size = 9173471, upload-time = "2025-11-21T02:49:30.444Z" },
    { url = "https://files.pythonhosted.org/packages/1c/20/2fdec87fc7f8cec950d2b0bea603c12dc9f05b4966dc5924ba5a36a61bf6/numcodecs-0.16.5-cp312-cp312-win_amd64.whl", hash = "sha256:845a9857886ffe4a3172ba1c537ae5bcc01e65068c31cf1fce1a844bd1da050f", size = 801412, upload-time = "2025-11-21T02:49:32.123Z" },
]

[[package]]
name = "numpy"
version = "2.5.1"
source = { registry = "https://pypi.org/simple" }
sdist = { url = "https://files.pythonhosted.org/packages/22/fd/89965aa4ac08c74998539fcbf24fa3540f3e15237fbeb6bcf9c908f4aade/numpy-2.5.1.tar.gz", hash = "sha256:a48a113e6afea91f5608793bafa7ef2ad481fefbda87ec5069f483de61cb9fa3", size = 20755553, upload-time = "2026-07-04T17:08:00.933Z" }
wheels = [
    { url = "https://files.pythonhosted.org/packages/62/7b/14687aa674250e5e546f616f486b0d56d3631cd5b2415739141ce40bdcea/numpy-2.5.1-cp312-cp312-macosx_10_13_x86_64.whl", hash = "sha256:2c889b56fe48b1018f764b0eec8df59ab654e9148aa91faa12596043500de277", size = 16801574, upload-time = "2026-07-04T17:06:12.423Z" },
    { url = "https://files.pythonhosted.org/packages/e1/19/cc5bb2a3f2913d27d6dbb2c78d25921fabaedc6741d4a5a615a11f3c5bf3/numpy-2.5.1-cp312-cp312-macosx_11_0_arm64.whl", hash = "sha256:ab451b59c5643c570974c43aef780703ef1d3b4965d2be07afd530615a9358d1", size = 11772250, upload-time = "2026-07-04T17:06:15.726Z" },
    { url = "https://files.pythonhosted.org/packages/42/77/fdf34a71dd30f54979b18603bee915e0aaf825b07afe79acd60b04b691e2/numpy-2.5.1-cp312-cp312-macosx_14_0_arm64.whl", hash = "sha256:78798bd5b9ad744056af8efa90e3b9ddaa53272a0848a483084a1cc0a13b2dc0", size = 5331516, upload-time = "2026-07-04T17:06:17.913Z" },
    { url = "https://files.pythonhosted.org/packages/ce/e2/eb7efa015b4cce41e2517bf182a7fce0d7d5b9d9ed76a29bfa0f4fe4505c/numpy-2.5.1-cp312-cp312-macosx_14_0_x86_64.whl", hash = "sha256:2ae0ca40bcb22d6ba59c1dfd5446f49940b0f2d821fde133f10dda11f816b84e", size = 6664863, upload-time = "2026-07-04T17:06:20.02Z" },
    { url = "https://files.pythonhosted.org/packages/a9/4b/a2b32dd94ee9ffbeecb28152240042a3949db33b1c834d44090b80e1b3b8/numpy-2.5.1-cp312-cp312-manylinux_2_27_aarch64.manylinux_2_28_aarch64.whl", hash = "sha256:61ac47e772e6b8ea489e1d2f441a34c5c3ac17327e7ce294cbdf535795ad4e75", size = 15167977, upload-time = "2026-07-04T17:06:21.621Z" },
    { url = "https://files.pythonhosted.org/packages/b8/a9/6e73d68500f80773f65f0654ea932019d6694329a0eb0ed0533de38df376/numpy-2.5.1-cp312-cp312-manylinux_2_27_x86_64.manylinux_2_28_x86_64.whl", hash = "sha256:59fda5e192b570217ec2580c96f00e9a7e12ef6866a900eb089b62c1a32545ca", size = 16672469, upload-time = "2026-07-04T17:06:24.064Z" },
    { url = "https://files.pythonhosted.org/packages/24/7d/ad3e59015135f5261c95fd4cafeff159c955febd83a99a1d9250c4233815/numpy-2.5.1-cp312-cp312-musllinux_1_2_aarch64.whl", hash = "sha256:f7119ebff1a9829e9f431a4f9d28e703023bb6b9fe7c8f724467dbfc27c94ab3", size = 16527531, upload-time = "2026-07-04T17:06:26.69Z" },
    { url = "https://files.pythonhosted.org/packages/83/d0/a39b2fbcde9cb17a1dac678f254b33a6336298af9df338824c685425d5e8/numpy-2.5.1-cp312-cp312-musllinux_1_2_x86_64.whl", hash = "sha256:e824c2acf8862052246be5a44c15da1777940c60d010dd2aab897824d9c430f9", size = 18431940, upload-time = "2026-07-04T17:06:29.521Z" },
    { url = "https://files.pythonhosted.org/packages/04/12/cff070947791c1ed425ff76413189adbdc2fbe215eba7ce7fa454a03c7f8/numpy-2.5.1-cp312-cp312-win32.whl", hash = "sha256:08d60c810432eb83360958dea0999ac4cfb94531ea8efcbf0b7f277c2068aeb2", size = 6066764, upload-time = "2026-07-04T17:06:32.571Z" },
    { url = "https://files.pythonhosted.org/packages/65/66/53f31807a48a750f9d748da273bc3fcedd12b27ff1f3e373bfec55ef2dc0/numpy-2.5.1-cp312-cp312-win_amd64.whl", hash = "sha256:f7d60026c0bdb1380e83bfa7a0419c4577ee4b9a08880afcb6dadeb74c649fa2", size = 12430966, upload-time = "2026-07-04T17:06:34.926Z" },
    { url = "https://files.pythonhosted.org/packages/2b/2a/d1a88066b1c14186f5d3c0d18c94f17b064511982bab0578d49ee9d43c29/numpy-2.5.1-cp312-cp312-win_arm64.whl", hash = "sha256:17a25e09640602e10bc8de0e6fa2b3fd68eedd84ba6d7842dc8f32f9ab87bd0b", size = 10350488, upload-time = "2026-07-04T17:06:37.785Z" },
]

[[package]]
name = "packaging"
version = "26.2"
source = { registry = "https://pypi.org/simple" }
sdist = { url = "https://files.pythonhosted.org/packages/d7/f1/e7a6dd94a8d4a5626c03e4e99c87f241ba9e350cd9e6d75123f992427270/packaging-26.2.tar.gz", hash = "sha256:ff452ff5a3e828ce110190feff1178bb1f2ea2281fa2075aadb987c2fb221661", size = 228134, upload-time = "2026-04-24T20:15:23.917Z" }
wheels = [
    { url = "https://files.pythonhosted.org/packages/df/b2/87e62e8c3e2f4b32e5fe99e0b86d576da1312593b39f47d8ceef365e95ed/packaging-26.2-py3-none-any.whl", hash = "sha256:5fc45236b9446107ff2415ce77c807cee2862cb6fac22b8a73826d0693b0980e", size = 100195, upload-time = "2026-04-24T20:15:22.081Z" },
]

[[package]]
name = "pandas"
version = "3.0.3"
source = { registry = "https://pypi.org/simple" }
dependencies = [
    { name = "numpy" },
    { name = "python-dateutil" },
    { name = "tzdata", marker = "sys_platform == 'emscripten' or sys_platform == 'win32'" },
]
sdist = { url = "https://files.pythonhosted.org/packages/f8/87/4341c6252d1c47b08768c3d25ac487362bf403f0313ddae4a2a26c9b1b4c/pandas-3.0.3.tar.gz", hash = "sha256:696a4a00a2a2a35d4e5deb3fc946641b96c944f02230e4f76137fe35d806c4fc", size = 4651414, upload-time = "2026-05-11T18:54:29.21Z" }
wheels = [
    { url = "https://files.pythonhosted.org/packages/24/f1/392f8c5bfc16f66a0d2d41561c01627c228fe7ed2a0d056ef11315042570/pandas-3.0.3-cp312-cp312-macosx_10_13_x86_64.whl", hash = "sha256:fed2ff7fd9779120e388e285fc029bd5cf9490cdd2e4166a9ee22c0e49a9ab09", size = 10357846, upload-time = "2026-05-11T18:52:36.143Z" },
    { url = "https://files.pythonhosted.org/packages/cf/3d/b16412745651e855f357e5e66930248688378853a6e2698a214e331fba1f/pandas-3.0.3-cp312-cp312-macosx_11_0_arm64.whl", hash = "sha256:b168fc218fd80a6cbdbdbc1a97ddc7889ed057d7eb45f50d866ceab5f39904c4", size = 9899550, upload-time = "2026-05-11T18:52:38.976Z" },
    { url = "https://files.pythonhosted.org/packages/31/a8/fa2535168fffcedf67f4f6de28d2dd903a747ca7c8ea6989451aaeb3a92f/pandas-3.0.3-cp312-cp312-manylinux_2_24_aarch64.manylinux_2_28_aarch64.whl", hash = "sha256:0383c72c75cdcca61a9e116e611143902dbfd08bff356829c2f6d1cf40a9ca8c", size = 10412965, upload-time = "2026-05-11T18:52:41.915Z" },
    { url = "https://files.pythonhosted.org/packages/65/b6/09b01cdbc15224e2850365192d17b7bdebb8bdbd8780ed221fcdf0d9a515/pandas-3.0.3-cp312-cp312-manylinux_2_24_x86_64.manylinux_2_28_x86_64.whl", hash = "sha256:6dc0b3fd2169c9157deed50b4d519553a3655c8c6a96027136d654592be973a9", size = 10894600, upload-time = "2026-05-11T18:52:45.02Z" },
    { url = "https://files.pythonhosted.org/packages/c9/a4/2eb28f2fccb4ced4a2c79ab2a5dee9ade1ebf44922ebad6fea158c9f95d4/pandas-3.0.3-cp312-cp312-musllinux_1_2_aarch64.whl", hash = "sha256:7e65d5407dc0b394f509699650e4a2ec01c0514f21850f453fa60f3be79a5dbf", size = 11422824, upload-time = "2026-05-11T18:52:48.058Z" },
    { url = "https://files.pythonhosted.org/packages/f8/45/830bb57f533a4604b355e07edcb8ea18cf88b5f94e5fca92f27052d7c597/pandas-3.0.3-cp312-cp312-musllinux_1_2_x86_64.whl", hash = "sha256:f8894dc474d648fe7b6ff0ca9b0bd73950d19952bc1a6534540762c5d79d305c", size = 11950889, upload-time = "2026-05-11T18:52:50.905Z" },
    { url = "https://files.pythonhosted.org/packages/b9/c5/fc1b368f303087d20e8c9bf3d6ceb186263cfac0ade735cd938538bea839/pandas-3.0.3-cp312-cp312-win_amd64.whl", hash = "sha256:c7be265b62cef88e253a941e4698604973736dcfe242fdb5198f0f7bc473cdcc", size = 9755463, upload-time = "2026-05-11T18:52:53.386Z" },
    { url = "https://files.pythonhosted.org/packages/86/bd/fda8f9705b1b09c6ebe14bfc0fa0e4ec8584d54ea673628f157ff55131af/pandas-3.0.3-cp312-cp312-win_arm64.whl", hash = "sha256:557409bc4178e70ee8d9ddb494798e51ebf6ea59330f6be22c51bab2a7db6c49", size = 9066158, upload-time = "2026-05-11T18:52:56.038Z" },
]

[[package]]
name = "python-dateutil"
version = "2.9.0.post0"
source = { registry = "https://pypi.org/simple" }
dependencies = [
    { name = "six" },
]
sdist = { url = "https://files.pythonhosted.org/packages/66/c0/0c8b6ad9f17a802ee498c46e004a0eb49bc148f2fd230864601a86dcf6db/python-dateutil-2.9.0.post0.tar.gz", hash = "sha256:37dd54208da7e1cd875388217d5e00ebd4179249f90fb72437e91a35459a0ad3", size = 342432, upload-time = "2024-03-01T18:36:20.211Z" }
wheels = [
    { url = "https://files.pythonhosted.org/packages/ec/57/56b9bcc3c9c6a792fcbaf139543cee77261f3651ca9da0c93f5c1221264b/python_dateutil-2.9.0.post0-py2.py3-none-any.whl", hash = "sha256:a8b2bc7bffae282281c8140a97d3aa9c14da0b136dfe83f850eea9a5f7470427", size = 229892, upload-time = "2024-03-01T18:36:18.57Z" },
]

[[package]]
name = "pyyaml"
version = "6.0.3"
source = { registry = "https://pypi.org/simple" }
sdist = { url = "https://files.pythonhosted.org/packages/05/8e/961c0007c59b8dd7729d542c61a4d537767a59645b82a0b521206e1e25c2/pyyaml-6.0.3.tar.gz", hash = "sha256:d76623373421df22fb4cf8817020cbb7ef15c725b9d5e45f17e189bfc384190f", size = 130960, upload-time = "2025-09-25T21:33:16.546Z" }
wheels = [
    { url = "https://files.pythonhosted.org/packages/d1/33/422b98d2195232ca1826284a76852ad5a86fe23e31b009c9886b2d0fb8b2/pyyaml-6.0.3-cp312-cp312-macosx_10_13_x86_64.whl", hash = "sha256:7f047e29dcae44602496db43be01ad42fc6f1cc0d8cd6c83d342306c32270196", size = 182063, upload-time = "2025-09-25T21:32:11.445Z" },
    { url = "https://files.pythonhosted.org/packages/89/a0/6cf41a19a1f2f3feab0e9c0b74134aa2ce6849093d5517a0c550fe37a648/pyyaml-6.0.3-cp312-cp312-macosx_11_0_arm64.whl", hash = "sha256:fc09d0aa354569bc501d4e787133afc08552722d3ab34836a80547331bb5d4a0", size = 173973, upload-time = "2025-09-25T21:32:12.492Z" },
    { url = "https://files.pythonhosted.org/packages/ed/23/7a778b6bd0b9a8039df8b1b1d80e2e2ad78aa04171592c8a5c43a56a6af4/pyyaml-6.0.3-cp312-cp312-manylinux2014_aarch64.manylinux_2_17_aarch64.manylinux_2_28_aarch64.whl", hash = "sha256:9149cad251584d5fb4981be1ecde53a1ca46c891a79788c0df828d2f166bda28", size = 775116, upload-time = "2025-09-25T21:32:13.652Z" },
    { url = "https://files.pythonhosted.org/packages/65/30/d7353c338e12baef4ecc1b09e877c1970bd3382789c159b4f89d6a70dc09/pyyaml-6.0.3-cp312-cp312-manylinux2014_s390x.manylinux_2_17_s390x.manylinux_2_28_s390x.whl", hash = "sha256:5fdec68f91a0c6739b380c83b951e2c72ac0197ace422360e6d5a959d8d97b2c", size = 844011, upload-time = "2025-09-25T21:32:15.21Z" },
    { url = "https://files.pythonhosted.org/packages/8b/9d/b3589d3877982d4f2329302ef98a8026e7f4443c765c46cfecc8858c6b4b/pyyaml-6.0.3-cp312-cp312-manylinux2014_x86_64.manylinux_2_17_x86_64.manylinux_2_28_x86_64.whl", hash = "sha256:ba1cc08a7ccde2d2ec775841541641e4548226580ab850948cbfda66a1befcdc", size = 807870, upload-time = "2025-09-25T21:32:16.431Z" },
    { url = "https://files.pythonhosted.org/packages/05/c0/b3be26a015601b822b97d9149ff8cb5ead58c66f981e04fedf4e762f4bd4/pyyaml-6.0.3-cp312-cp312-musllinux_1_2_aarch64.whl", hash = "sha256:8dc52c23056b9ddd46818a57b78404882310fb473d63f17b07d5c40421e47f8e", size = 761089, upload-time = "2025-09-25T21:32:17.56Z" },
    { url = "https://files.pythonhosted.org/packages/be/8e/98435a21d1d4b46590d5459a22d88128103f8da4c2d4cb8f14f2a96504e1/pyyaml-6.0.3-cp312-cp312-musllinux_1_2_x86_64.whl", hash = "sha256:41715c910c881bc081f1e8872880d3c650acf13dfa8214bad49ed4cede7c34ea", size = 790181, upload-time = "2025-09-25T21:32:18.834Z" },
    { url = "https://files.pythonhosted.org/packages/74/93/7baea19427dcfbe1e5a372d81473250b379f04b1bd3c4c5ff825e2327202/pyyaml-6.0.3-cp312-cp312-win32.whl", hash = "sha256:96b533f0e99f6579b3d4d4995707cf36df9100d67e0c8303a0c55b27b5f99bc5", size = 137658, upload-time = "2025-09-25T21:32:20.209Z" },
    { url = "https://files.pythonhosted.org/packages/86/bf/899e81e4cce32febab4fb42bb97dcdf66bc135272882d1987881a4b519e9/pyyaml-6.0.3-cp312-cp312-win_amd64.whl", hash = "sha256:5fcd34e47f6e0b794d17de1b4ff496c00986e1c83f7ab2fb8fcfe9616ff7477b", size = 154003, upload-time = "2025-09-25T21:32:21.167Z" },
    { url = "https://files.pythonhosted.org/packages/1a/08/67bd04656199bbb51dbed1439b7f27601dfb576fb864099c7ef0c3e55531/pyyaml-6.0.3-cp312-cp312-win_arm64.whl", hash = "sha256:64386e5e707d03a7e172c0701abfb7e10f0fb753ee1d773128192742712a98fd", size = 140344, upload-time = "2025-09-25T21:32:22.617Z" },
]

[[package]]
name = "six"
version = "1.17.0"
source = { registry = "https://pypi.org/simple" }
sdist = { url = "https://files.pythonhosted.org/packages/94/e7/b2c673351809dca68a0e064b6af791aa332cf192da575fd474ed7d6f16a2/six-1.17.0.tar.gz", hash = "sha256:ff70335d468e7eb6ec65b95b99d3a2836546063f63acc5171de367e834932a81", size = 34031, upload-time = "2024-12-04T17:35:28.174Z" }
wheels = [
    { url = "https://files.pythonhosted.org/packages/b7/ce/149a00dd41f10bc29e5921b496af8b574d8413afcd5e30dfa0ed46c2cc5e/six-1.17.0-py2.py3-none-any.whl", hash = "sha256:4721f391ed90541fddacab5acf947aa0d3dc7d27b2e1e8eda2be8970586c3274", size = 11050, upload-time = "2024-12-04T17:35:26.475Z" },
]

[[package]]
name = "typing-extensions"
version = "4.15.0"
source = { registry = "https://pypi.org/simple" }
sdist = { url = "https://files.pythonhosted.org/packages/72/94/1a15dd82efb362ac84269196e94cf00f187f7ed21c242792a923cdb1c61f/typing_extensions-4.15.0.tar.gz", hash = "sha256:0cea48d173cc12fa28ecabc3b837ea3cf6f38c6d1136f85cbaaf598984861466", size = 109391, upload-time = "2025-08-25T13:49:26.313Z" }
wheels = [
    { url = "https://files.pythonhosted.org/packages/18/67/36e9267722cc04a6b9f15c7f3441c2363321a3ea07da7ae0c0707beb2a9c/typing_extensions-4.15.0-py3-none-any.whl", hash = "sha256:f0fa19c6845758ab08074a0cfa8b7aecb71c999ca73d62883bc25cc018c4e548", size = 44614, upload-time = "2025-08-25T13:49:24.86Z" },
]

[[package]]
name = "tzdata"
version = "2026.2"
source = { registry = "https://pypi.org/simple" }
sdist = { url = "https://files.pythonhosted.org/packages/ba/19/1b9b0e29f30c6d35cb345486df41110984ea67ae69dddbc0e8a100999493/tzdata-2026.2.tar.gz", hash = "sha256:9173fde7d80d9018e02a662e168e5a2d04f87c41ea174b139fbef642eda62d10", size = 198254, upload-time = "2026-04-24T15:22:08.651Z" }
wheels = [
    { url = "https://files.pythonhosted.org/packages/ce/e4/dccd7f47c4b64213ac01ef921a1337ee6e30e8c6466046018326977efd95/tzdata-2026.2-py2.py3-none-any.whl", hash = "sha256:bbe9af844f658da81a5f95019480da3a89415801f6cc966806612cc7169bffe7", size = 349321, upload-time = "2026-04-24T15:22:05.876Z" },
]

[[package]]
name = "weather-skills-core"
version = "0.1.0"
source = { git = "https://github.com/rhiza-research/weather-skills-core#6fca70e7e35d8d31bb09714a3db7c64b25c76af6" }
dependencies = [
    { name = "cf-xarray" },
    { name = "cftime" },
    { name = "numpy" },
    { name = "xarray" },
    { name = "zarr" },
]

[[package]]
name = "xarray"
version = "2026.7.0"
source = { registry = "https://pypi.org/simple" }
dependencies = [
    { name = "numpy" },
    { name = "packaging" },
    { name = "pandas" },
]
sdist = { url = "https://files.pythonhosted.org/packages/ea/96/3f7bdd00e505ec3698903415b30135024703e017b28c6b61f98da3193b0d/xarray-2026.7.0.tar.gz", hash = "sha256:361b495928fdbf5b58d0969bb6775339019da5e93ca74d61ddf4eb5edd6ce604", size = 3145348, upload-time = "2026-07-09T17:38:26.515Z" }
wheels = [
    { url = "https://files.pythonhosted.org/packages/57/5b/28365212062939d213802e5e5fe855cdb231e1c2a93254ba1690066504e3/xarray-2026.7.0-py3-none-any.whl", hash = "sha256:bf9dd130b93806dc78e90c1b7ac24851b31557b888674c53622235691cf21824", size = 1426778, upload-time = "2026-07-09T17:38:24.224Z" },
]

[[package]]
name = "zarr"
version = "3.2.1"
source = { registry = "https://pypi.org/simple" }
dependencies = [
    { name = "donfig" },
    { name = "google-crc32c" },
    { name = "numcodecs" },
    { name = "numpy" },
    { name = "packaging" },
    { name = "typing-extensions" },
]
sdist = { url = "https://files.pythonhosted.org/packages/93/8d/aeb164004f87543b06ef54f885d02c342c31ceb274e2bbec470a98927621/zarr-3.2.1.tar.gz", hash = "sha256:71565b738a0e7e8ed226f0516eba8c6bb53440ad7669a8c48ebb3534a161d035", size = 675161, upload-time = "2026-05-05T12:37:22.383Z" }
wheels = [
    { url = "https://files.pythonhosted.org/packages/88/0a/469e2bd01be1490336e6c8707386845655d59261543315778a3ccc7e8019/zarr-3.2.1-py3-none-any.whl", hash = "sha256:f78cdd3d9687ad0e9f9cba2c5683b64f0c52589c19f685eeabe872e93cc0d2c7", size = 319617, upload-time = "2026-05-05T12:37:20.66Z" },
]
